
Microsoft Visual Studio Solution File, Format Version 12.00
# Visual Studio 15
VisualStudioVersion = 15.0.27703.2035
MinimumVisualStudioVersion = 10.0.40219.1
Project("{FAE04EC0-301F-11D3-BF4B-00C04F79EFBC}") = "dc.gitworkshop.stringCalculator", "dc.gitworkshop.stringCalculator\dc.gitworkshop.stringCalculator.csproj", "{34A10ECA-8B86-4EBF-A5C5-93255D68E9C1}"
EndProject
Global
	GlobalSection(SolutionConfigurationPlatforms) = preSolution
		Debug|Any CPU = Debug|Any CPU
		Release|Any CPU = Release|Any CPU
	EndGlobalSection
	GlobalSection(ProjectConfigurationPlatforms) = postSolution
		{34A10ECA-8B86-4EBF-A5C5-93255D68E9C1}.Debug|Any CPU.ActiveCfg = Debug|Any CPU
		{34A10ECA-8B86-4EBF-A5C5-93255D68E9C1}.Debug|Any CPU.Build.0 = Debug|Any CPU
		{34A10ECA-8B86-4EBF-A5C5-93255D68E9C1}.Release|Any CPU.ActiveCfg = Release|Any CPU
		{34A10ECA-8B86-4EBF-A5C5-93255D68E9C1}.Release|Any CPU.Build.0 = Release|Any CPU
	EndGlobalSection
	GlobalSection(SolutionProperties) = preSolution
		HideSolutionNode = FALSE
	EndGlobalSection
	GlobalSection(ExtensibilityGlobals) = postSolution
		SolutionGuid = {339ED906-F2E1-4FAE-B61D-E66E6F8B93EE}
	EndGlobalSection
EndGlobal
